{
  "name": "k8s-manager",
  "version": "1.0.0",
  "lockfileVersion": 3,
  "requires": true,
  "packages": {
    "": {
      "name": "k8s-manager",
      "version": "1.0.0",
      "dependencies": {
        "@xterm/addon-search": "^0.16.0"
      }
    },
    "node_modules/@xterm/addon-search": {
      "version": "0.16.0",
      "resolved": "https://registry.npmjs.org/@xterm/addon-search/-/addon-search-0.16.0.tgz",
      "integrity": "sha512-9OeuBFu0/uZJPu+9AHKY6g/w0Czyb/Ut0A5t79I4ULoU4IfU5BEpPFVGQxP4zTTMdfZEYkVIRYbHBX1xWwjeSA==",
      "license": "MIT"
    }
  }
}
